
Microsoft Visual Studio Solution File, Format Version 12.00
# Visual Studio Version 17
VisualStudioVersion = 17.9.34714.143
MinimumVisualStudioVersion = 10.0.40219.1
Project("{2150E333-8FDC-42A3-9474-1A3956D46DE8}") = "1.Start", "1.Start", "{F74151B0-BF64-4B52-99C5-B338B74EA011}"
EndProject
Project("{2150E333-8FDC-42A3-9474-1A3956D46DE8}") = "2.Modules", "2.Modules", "{D633DA04-2E97-40D2-8ECF-E2E7E53D4B3C}"
EndProject
Project("{2150E333-8FDC-42A3-9474-1A3956D46DE8}") = "3.BLL", "3.BLL", "{A876955C-B338-4FFB-948F-20A661DB1765}"
EndProject
Project("{2150E333-8FDC-42A3-9474-1A3956D46DE8}") = "4.DAL", "4.DAL", "{EEB71AA4-1FC9-4F03-B5F7-B4B6ADD42181}"
EndProject
Project("{2150E333-8FDC-42A3-9474-1A3956D46DE8}") = "5.Common", "5.Common", "{4402BC33-79AF-4AC3-8A46-70CE96159C25}"
EndProject
Project("{2150E333-8FDC-42A3-9474-1A3956D46DE8}") = "6.Simulation", "6.Simulation", "{1E6BEB68-3FF1-4318-8AE4-E3FB08E4E1E0}"
EndProject
Project("{9A19103F-16F7-4668-BE54-9A1E7A4F7556}") = "Base.Client.Entity", "Base.Client.Entity\Base.Client.Entity.csproj", "{56004CDB-B4C8-4BA2-8943-0B2EE228DF74}"
EndProject
Project("{9A19103F-16F7-4668-BE54-9A1E7A4F7556}") = "Base.Client.Controls", "Base.Client.Controls\Base.Client.Controls.csproj", "{10F00ED6-A82C-4A7A-85F1-88A01A1661B1}"
EndProject
Project("{9A19103F-16F7-4668-BE54-9A1E7A4F7556}") = "Base.Client.Assets", "Base.Client.Assets\Base.Client.Assets.csproj", "{B8793979-7C16-41FF-A466-4C37FEC70AE0}"
EndProject
Project("{9A19103F-16F7-4668-BE54-9A1E7A4F7556}") = "Base.Client.IDAL", "Base.Client.IDAL\Base.Client.IDAL.csproj", "{7DEF7C27-BFED-4FB5-805A-BEFC569C667F}"
EndProject
Project("{9A19103F-16F7-4668-BE54-9A1E7A4F7556}") = "Base.Client.DAL", "Base.Client.DAL\Base.Client.DAL.csproj", "{6848C0F5-8DC1-4DB8-BA62-B6972B95B068}"
EndProject
Project("{9A19103F-16F7-4668-BE54-9A1E7A4F7556}") = "Base.Client.EFCore", "Base.Client.DAL.EFCore\Base.Client.EFCore.csproj", "{39DBB1AA-CEDA-471D-BB0F-DBBAC1FEAEB2}"
EndProject
Project("{9A19103F-16F7-4668-BE54-9A1E7A4F7556}") = "Base.Client.Common", "Base.Client.Common\Base.Client.Common.csproj", "{A4269724-2982-4994-AABC-C22FF320D24F}"
EndProject
Project("{9A19103F-16F7-4668-BE54-9A1E7A4F7556}") = "Base.Client.IBLL", "Base.Client.IBLL\Base.Client.IBLL.csproj", "{EA67B451-E93D-4967-8797-FEAA0DB58A04}"
EndProject
Project("{9A19103F-16F7-4668-BE54-9A1E7A4F7556}") = "Base.Client.BLL", "Base.Client.BLL\Base.Client.BLL.csproj", "{59BE1A10-4B46-4092-9F9F-CA97CC1BE8B6}"
EndProject
Project("{9A19103F-16F7-4668-BE54-9A1E7A4F7556}") = "Base.Client.Upgrade", "Base.Client.Upgrade\Base.Client.Upgrade.csproj", "{C131EB60-D73F-4633-8EE5-58A742F36B45}"
EndProject
Project("{9A19103F-16F7-4668-BE54-9A1E7A4F7556}") = "Base.Client.Start", "Base.Client.Start\Base.Client.Start.csproj", "{15091891-910A-4B7C-92A9-89B143E1FFF5}"
EndProject
Project("{9A19103F-16F7-4668-BE54-9A1E7A4F7556}") = "Base.Client.SystemModule", "Base.Client.SystemModule\Base.Client.SystemModule.csproj", "{F9C62DB1-8441-4F84-915D-0705CD24B0C9}"
EndProject
Project("{9A19103F-16F7-4668-BE54-9A1E7A4F7556}") = "Base.Client.BaseModule", "Base.Client.BaseModule\Base.Client.BaseModule.csproj", "{1896C975-216E-4637-86BA-8B4197002CA6}"
EndProject
Project("{2150E333-8FDC-42A3-9474-1A3956D46DE8}") = "8.HVisionLibs", "8.HVisionLibs", "{1692EBA5-F707-4829-9490-53CB3C0B060F}"
EndProject
Project("{9A19103F-16F7-4668-BE54-9A1E7A4F7556}") = "HVisionLibs.Core", "HVisionLibs.Core\HVisionLibs.Core.csproj", "{733569B6-16DA-4357-9F2A-23AC160A7492}"
EndProject
Project("{9A19103F-16F7-4668-BE54-9A1E7A4F7556}") = "HVisionLibs.Shared", "HVisionLibs.Assets\HVisionLibs.Shared.csproj", "{CC5FB276-4773-4A67-80D8-CBFB74ABCD67}"
EndProject
Project("{9A19103F-16F7-4668-BE54-9A1E7A4F7556}") = "Base.Clent.HVisionModule", "Base.Clent.HVisionModule\Base.Clent.HVisionModule.csproj", "{5E48EAF7-EBDA-4A16-AB2F-1BEEB798CB8F}"
EndProject
Project("{2150E333-8FDC-42A3-9474-1A3956D46DE8}") = "0.Prtoject", "0.Prtoject", "{361A784D-DD70-4513-B0B1-19874CAA0D2B}"
EndProject
Project("{2150E333-8FDC-42A3-9474-1A3956D46DE8}") = "9.Device", "9.Device", "{7DF94225-6875-4662-AACD-69383245C0C1}"
EndProject
Project("{9A19103F-16F7-4668-BE54-9A1E7A4F7556}") = "Device.Communication", "Device.Communication\Device.Communication.csproj", "{FA94252A-DFF4-4C63-8B61-C18C8BCD5374}"
EndProject
Project("{9A19103F-16F7-4668-BE54-9A1E7A4F7556}") = "Device.DataConvertLib", "Device.DataConvertLib\Device.DataConvertLib.csproj", "{B090C198-7245-4457-BF1E-C331BBD47864}"
EndProject
Project("{9A19103F-16F7-4668-BE54-9A1E7A4F7556}") = "Device.Helper", "Device.Helper\Device.Helper.csproj", "{19C6414A-6B92-4AAE-BA94-D626A1757B9E}"
EndProject
Project("{9A19103F-16F7-4668-BE54-9A1E7A4F7556}") = "Device.Models", "Device.Models\Device.Models.csproj", "{F8878690-8965-442A-81B1-F510B90CCECA}"
EndProject
Project("{9A19103F-16F7-4668-BE54-9A1E7A4F7556}") = "Base.Client.Tools", "Base.Client.Tools\Base.Client.Tools.csproj", "{4C9FC3D6-E5BD-473A-87AB-D7DE1B564F97}"
EndProject
Project("{2150E333-8FDC-42A3-9474-1A3956D46DE8}") = "HVision", "HVision", "{FD6E500C-BE75-4FCA-968E-F22E2C7131FA}"
EndProject
Project("{9A19103F-16F7-4668-BE54-9A1E7A4F7556}") = "HVision.Core", "HVision.Core\HVision.Core.csproj", "{A4064728-FDD7-4C3B-A211-91CE576165A5}"
EndProject
Project("{2150E333-8FDC-42A3-9474-1A3956D46DE8}") = "EFCore", "EFCore", "{497E2081-4B63-480B-9595-0BA843131D83}"
EndProject
Project("{9A19103F-16F7-4668-BE54-9A1E7A4F7556}") = "Device.CommLab", "Device.Controls\Device.CommLab.csproj", "{609CA928-877B-47E8-89CD-AE8EF4720565}"
EndProject
Project("{9A19103F-16F7-4668-BE54-9A1E7A4F7556}") = "Device.Events", "Device.Events\Device.Events.csproj", "{7641A11D-254C-44C5-8A41-96399EAFF661}"
EndProject
Project("{FAE04EC0-301F-11D3-BF4B-00C04F79EFBC}") = "Device.Demo", "Device.Camera.HK.Demo\Device.Demo.csproj", "{AA49201A-021B-4CAE-8558-9E61C87376F0}"
EndProject
Global
	GlobalSection(SolutionConfigurationPlatforms) = preSolution
		Debug|Any CPU = Debug|Any CPU
		Debug|x64 = Debug|x64
		Debug|x86 = Debug|x86
		Release|Any CPU = Release|Any CPU
		Release|x64 = Release|x64
		Release|x86 = Release|x86
	EndGlobalSection
	GlobalSection(ProjectConfigurationPlatforms) = postSolution
		{56004CDB-B4C8-4BA2-8943-0B2EE228DF74}.Debug|Any CPU.ActiveCfg = Debug|Any CPU
		{56004CDB-B4C8-4BA2-8943-0B2EE228DF74}.Debug|Any CPU.Build.0 = Debug|Any CPU
		{56004CDB-B4C8-4BA2-8943-0B2EE228DF74}.Debug|x64.ActiveCfg = Debug|Any CPU
		{56004CDB-B4C8-4BA2-8943-0B2EE228DF74}.Debug|x64.Build.0 = Debug|Any CPU
		{56004CDB-B4C8-4BA2-8943-0B2EE228DF74}.Debug|x86.ActiveCfg = Debug|Any CPU
		{56004CDB-B4C8-4BA2-8943-0B2EE228DF74}.Debug|x86.Build.0 = Debug|Any CPU
		{56004CDB-B4C8-4BA2-8943-0B2EE228DF74}.Release|Any CPU.ActiveCfg = Release|Any CPU
		{56004CDB-B4C8-4BA2-8943-0B2EE228DF74}.Release|Any CPU.Build.0 = Release|Any CPU
		{56004CDB-B4C8-4BA2-8943-0B2EE228DF74}.Release|x64.ActiveCfg = Release|Any CPU
		{56004CDB-B4C8-4BA2-8943-0B2EE228DF74}.Release|x64.Build.0 = Release|Any CPU
		{56004CDB-B4C8-4BA2-8943-0B2EE228DF74}.Release|x86.ActiveCfg = Release|Any CPU
		{56004CDB-B4C8-4BA2-8943-0B2EE228DF74}.Release|x86.Build.0 = Release|Any CPU
		{10F00ED6-A82C-4A7A-85F1-88A01A1661B1}.Debug|Any CPU.ActiveCfg = Debug|Any CPU
		{10F00ED6-A82C-4A7A-85F1-88A01A1661B1}.Debug|Any CPU.Build.0 = Debug|Any CPU
		{10F00ED6-A82C-4A7A-85F1-88A01A1661B1}.Debug|x64.ActiveCfg = Debug|Any CPU
		{10F00ED6-A82C-4A7A-85F1-88A01A1661B1}.Debug|x64.Build.0 = Debug|Any CPU
		{10F00ED6-A82C-4A7A-85F1-88A01A1661B1}.Debug|x86.ActiveCfg = Debug|Any CPU
		{10F00ED6-A82C-4A7A-85F1-88A01A1661B1}.Debug|x86.Build.0 = Debug|Any CPU
		{10F00ED6-A82C-4A7A-85F1-88A01A1661B1}.Release|Any CPU.ActiveCfg = Release|Any CPU
		{10F00ED6-A82C-4A7A-85F1-88A01A1661B1}.Release|Any CPU.Build.0 = Release|Any CPU
		{10F00ED6-A82C-4A7A-85F1-88A01A1661B1}.Release|x64.ActiveCfg = Release|Any CPU
		{10F00ED6-A82C-4A7A-85F1-88A01A1661B1}.Release|x64.Build.0 = Release|Any CPU
		{10F00ED6-A82C-4A7A-85F1-88A01A1661B1}.Release|x86.ActiveCfg = Release|Any CPU
		{10F00ED6-A82C-4A7A-85F1-88A01A1661B1}.Release|x86.Build.0 = Release|Any CPU
		{B8793979-7C16-41FF-A466-4C37FEC70AE0}.Debug|Any CPU.ActiveCfg = Debug|Any CPU
		{B8793979-7C16-41FF-A466-4C37FEC70AE0}.Debug|Any CPU.Build.0 = Debug|Any CPU
		{B8793979-7C16-41FF-A466-4C37FEC70AE0}.Debug|x64.ActiveCfg = Debug|Any CPU
		{B8793979-7C16-41FF-A466-4C37FEC70AE0}.Debug|x64.Build.0 = Debug|Any CPU
		{B8793979-7C16-41FF-A466-4C37FEC70AE0}.Debug|x86.ActiveCfg = Debug|Any CPU
		{B8793979-7C16-41FF-A466-4C37FEC70AE0}.Debug|x86.Build.0 = Debug|Any CPU
		{B8793979-7C16-41FF-A466-4C37FEC70AE0}.Release|Any CPU.ActiveCfg = Release|Any CPU
		{B8793979-7C16-41FF-A466-4C37FEC70AE0}.Release|Any CPU.Build.0 = Release|Any CPU
		{B8793979-7C16-41FF-A466-4C37FEC70AE0}.Release|x64.ActiveCfg = Release|Any CPU
		{B8793979-7C16-41FF-A466-4C37FEC70AE0}.Release|x64.Build.0 = Release|Any CPU
		{B8793979-7C16-41FF-A466-4C37FEC70AE0}.Release|x86.ActiveCfg = Release|Any CPU
		{B8793979-7C16-41FF-A466-4C37FEC70AE0}.Release|x86.Build.0 = Release|Any CPU
		{7DEF7C27-BFED-4FB5-805A-BEFC569C667F}.Debug|Any CPU.ActiveCfg = Debug|Any CPU
		{7DEF7C27-BFED-4FB5-805A-BEFC569C667F}.Debug|Any CPU.Build.0 = Debug|Any CPU
		{7DEF7C27-BFED-4FB5-805A-BEFC569C667F}.Debug|x64.ActiveCfg = Debug|Any CPU
		{7DEF7C27-BFED-4FB5-805A-BEFC569C667F}.Debug|x64.Build.0 = Debug|Any CPU
		{7DEF7C27-BFED-4FB5-805A-BEFC569C667F}.Debug|x86.ActiveCfg = Debug|Any CPU
		{7DEF7C27-BFED-4FB5-805A-BEFC569C667F}.Debug|x86.Build.0 = Debug|Any CPU
		{7DEF7C27-BFED-4FB5-805A-BEFC569C667F}.Release|Any CPU.ActiveCfg = Release|Any CPU
		{7DEF7C27-BFED-4FB5-805A-BEFC569C667F}.Release|Any CPU.Build.0 = Release|Any CPU
		{7DEF7C27-BFED-4FB5-805A-BEFC569C667F}.Release|x64.ActiveCfg = Release|Any CPU
		{7DEF7C27-BFED-4FB5-805A-BEFC569C667F}.Release|x64.Build.0 = Release|Any CPU
		{7DEF7C27-BFED-4FB5-805A-BEFC569C667F}.Release|x86.ActiveCfg = Release|Any CPU
		{7DEF7C27-BFED-4FB5-805A-BEFC569C667F}.Release|x86.Build.0 = Release|Any CPU
		{6848C0F5-8DC1-4DB8-BA62-B6972B95B068}.Debug|Any CPU.ActiveCfg = Debug|Any CPU
		{6848C0F5-8DC1-4DB8-BA62-B6972B95B068}.Debug|Any CPU.Build.0 = Debug|Any CPU
		{6848C0F5-8DC1-4DB8-BA62-B6972B95B068}.Debug|x64.ActiveCfg = Debug|Any CPU
		{6848C0F5-8DC1-4DB8-BA62-B6972B95B068}.Debug|x64.Build.0 = Debug|Any CPU
		{6848C0F5-8DC1-4DB8-BA62-B6972B95B068}.Debug|x86.ActiveCfg = Debug|Any CPU
		{6848C0F5-8DC1-4DB8-BA62-B6972B95B068}.Debug|x86.Build.0 = Debug|Any CPU
		{6848C0F5-8DC1-4DB8-BA62-B6972B95B068}.Release|Any CPU.ActiveCfg = Release|Any CPU
		{6848C0F5-8DC1-4DB8-BA62-B6972B95B068}.Release|Any CPU.Build.0 = Release|Any CPU
		{6848C0F5-8DC1-4DB8-BA62-B6972B95B068}.Release|x64.ActiveCfg = Release|Any CPU
		{6848C0F5-8DC1-4DB8-BA62-B6972B95B068}.Release|x64.Build.0 = Release|Any CPU
		{6848C0F5-8DC1-4DB8-BA62-B6972B95B068}.Release|x86.ActiveCfg = Release|Any CPU
		{6848C0F5-8DC1-4DB8-BA62-B6972B95B068}.Release|x86.Build.0 = Release|Any CPU
		{39DBB1AA-CEDA-471D-BB0F-DBBAC1FEAEB2}.Debug|Any CPU.ActiveCfg = Debug|Any CPU
		{39DBB1AA-CEDA-471D-BB0F-DBBAC1FEAEB2}.Debug|Any CPU.Build.0 = Debug|Any CPU
		{39DBB1AA-CEDA-471D-BB0F-DBBAC1FEAEB2}.Debug|x64.ActiveCfg = Debug|Any CPU
		{39DBB1AA-CEDA-471D-BB0F-DBBAC1FEAEB2}.Debug|x64.Build.0 = Debug|Any CPU
		{39DBB1AA-CEDA-471D-BB0F-DBBAC1FEAEB2}.Debug|x86.ActiveCfg = Debug|Any CPU
		{39DBB1AA-CEDA-471D-BB0F-DBBAC1FEAEB2}.Debug|x86.Build.0 = Debug|Any CPU
		{39DBB1AA-CEDA-471D-BB0F-DBBAC1FEAEB2}.Release|Any CPU.ActiveCfg = Release|Any CPU
		{39DBB1AA-CEDA-471D-BB0F-DBBAC1FEAEB2}.Release|Any CPU.Build.0 = Release|Any CPU
		{39DBB1AA-CEDA-471D-BB0F-DBBAC1FEAEB2}.Release|x64.ActiveCfg = Release|Any CPU
		{39DBB1AA-CEDA-471D-BB0F-DBBAC1FEAEB2}.Release|x64.Build.0 = Release|Any CPU
		{39DBB1AA-CEDA-471D-BB0F-DBBAC1FEAEB2}.Release|x86.ActiveCfg = Release|Any CPU
		{39DBB1AA-CEDA-471D-BB0F-DBBAC1FEAEB2}.Release|x86.Build.0 = Release|Any CPU
		{A4269724-2982-4994-AABC-C22FF320D24F}.Debug|Any CPU.ActiveCfg = Debug|Any CPU
		{A4269724-2982-4994-AABC-C22FF320D24F}.Debug|Any CPU.Build.0 = Debug|Any CPU
		{A4269724-2982-4994-AABC-C22FF320D24F}.Debug|x64.ActiveCfg = Debug|Any CPU
		{A4269724-2982-4994-AABC-C22FF320D24F}.Debug|x64.Build.0 = Debug|Any CPU
		{A4269724-2982-4994-AABC-C22FF320D24F}.Debug|x86.ActiveCfg = Debug|Any CPU
		{A4269724-2982-4994-AABC-C22FF320D24F}.Debug|x86.Build.0 = Debug|Any CPU
		{A4269724-2982-4994-AABC-C22FF320D24F}.Release|Any CPU.ActiveCfg = Release|Any CPU
		{A4269724-2982-4994-AABC-C22FF320D24F}.Release|Any CPU.Build.0 = Release|Any CPU
		{A4269724-2982-4994-AABC-C22FF320D24F}.Release|x64.ActiveCfg = Release|Any CPU
		{A4269724-2982-4994-AABC-C22FF320D24F}.Release|x64.Build.0 = Release|Any CPU
		{A4269724-2982-4994-AABC-C22FF320D24F}.Release|x86.ActiveCfg = Release|Any CPU
		{A4269724-2982-4994-AABC-C22FF320D24F}.Release|x86.Build.0 = Release|Any CPU
		{EA67B451-E93D-4967-8797-FEAA0DB58A04}.Debug|Any CPU.ActiveCfg = Debug|Any CPU
		{EA67B451-E93D-4967-8797-FEAA0DB58A04}.Debug|Any CPU.Build.0 = Debug|Any CPU
		{EA67B451-E93D-4967-8797-FEAA0DB58A04}.Debug|x64.ActiveCfg = Debug|Any CPU
		{EA67B451-E93D-4967-8797-FEAA0DB58A04}.Debug|x64.Build.0 = Debug|Any CPU
		{EA67B451-E93D-4967-8797-FEAA0DB58A04}.Debug|x86.ActiveCfg = Debug|Any CPU
		{EA67B451-E93D-4967-8797-FEAA0DB58A04}.Debug|x86.Build.0 = Debug|Any CPU
		{EA67B451-E93D-4967-8797-FEAA0DB58A04}.Release|Any CPU.ActiveCfg = Release|Any CPU
		{EA67B451-E93D-4967-8797-FEAA0DB58A04}.Release|Any CPU.Build.0 = Release|Any CPU
		{EA67B451-E93D-4967-8797-FEAA0DB58A04}.Release|x64.ActiveCfg = Release|Any CPU
		{EA67B451-E93D-4967-8797-FEAA0DB58A04}.Release|x64.Build.0 = Release|Any CPU
		{EA67B451-E93D-4967-8797-FEAA0DB58A04}.Release|x86.ActiveCfg = Release|Any CPU
		{EA67B451-E93D-4967-8797-FEAA0DB58A04}.Release|x86.Build.0 = Release|Any CPU
		{59BE1A10-4B46-4092-9F9F-CA97CC1BE8B6}.Debug|Any CPU.ActiveCfg = Debug|Any CPU
		{59BE1A10-4B46-4092-9F9F-CA97CC1BE8B6}.Debug|Any CPU.Build.0 = Debug|Any CPU
		{59BE1A10-4B46-4092-9F9F-CA97CC1BE8B6}.Debug|x64.ActiveCfg = Debug|Any CPU
		{59BE1A10-4B46-4092-9F9F-CA97CC1BE8B6}.Debug|x64.Build.0 = Debug|Any CPU
		{59BE1A10-4B46-4092-9F9F-CA97CC1BE8B6}.Debug|x86.ActiveCfg = Debug|Any CPU
		{59BE1A10-4B46-4092-9F9F-CA97CC1BE8B6}.Debug|x86.Build.0 = Debug|Any CPU
		{59BE1A10-4B46-4092-9F9F-CA97CC1BE8B6}.Release|Any CPU.ActiveCfg = Release|Any CPU
		{59BE1A10-4B46-4092-9F9F-CA97CC1BE8B6}.Release|Any CPU.Build.0 = Release|Any CPU
		{59BE1A10-4B46-4092-9F9F-CA97CC1BE8B6}.Release|x64.ActiveCfg = Release|Any CPU
		{59BE1A10-4B46-4092-9F9F-CA97CC1BE8B6}.Release|x64.Build.0 = Release|Any CPU
		{59BE1A10-4B46-4092-9F9F-CA97CC1BE8B6}.Release|x86.ActiveCfg = Release|Any CPU
		{59BE1A10-4B46-4092-9F9F-CA97CC1BE8B6}.Release|x86.Build.0 = Release|Any CPU
		{C131EB60-D73F-4633-8EE5-58A742F36B45}.Debug|Any CPU.ActiveCfg = Debug|Any CPU
		{C131EB60-D73F-4633-8EE5-58A742F36B45}.Debug|Any CPU.Build.0 = Debug|Any CPU
		{C131EB60-D73F-4633-8EE5-58A742F36B45}.Debug|x64.ActiveCfg = Debug|Any CPU
		{C131EB60-D73F-4633-8EE5-58A742F36B45}.Debug|x64.Build.0 = Debug|Any CPU
		{C131EB60-D73F-4633-8EE5-58A742F36B45}.Debug|x86.ActiveCfg = Debug|Any CPU
		{C131EB60-D73F-4633-8EE5-58A742F36B45}.Debug|x86.Build.0 = Debug|Any CPU
		{C131EB60-D73F-4633-8EE5-58A742F36B45}.Release|Any CPU.ActiveCfg = Release|Any CPU
		{C131EB60-D73F-4633-8EE5-58A742F36B45}.Release|Any CPU.Build.0 = Release|Any CPU
		{C131EB60-D73F-4633-8EE5-58A742F36B45}.Release|x64.ActiveCfg = Release|Any CPU
		{C131EB60-D73F-4633-8EE5-58A742F36B45}.Release|x64.Build.0 = Release|Any CPU
		{C131EB60-D73F-4633-8EE5-58A742F36B45}.Release|x86.ActiveCfg = Release|Any CPU
		{C131EB60-D73F-4633-8EE5-58A742F36B45}.Release|x86.Build.0 = Release|Any CPU
		{15091891-910A-4B7C-92A9-89B143E1FFF5}.Debug|Any CPU.ActiveCfg = Debug|Any CPU
		{15091891-910A-4B7C-92A9-89B143E1FFF5}.Debug|Any CPU.Build.0 = Debug|Any CPU
		{15091891-910A-4B7C-92A9-89B143E1FFF5}.Debug|x64.ActiveCfg = Debug|Any CPU
		{15091891-910A-4B7C-92A9-89B143E1FFF5}.Debug|x64.Build.0 = Debug|Any CPU
		{15091891-910A-4B7C-92A9-89B143E1FFF5}.Debug|x86.ActiveCfg = Debug|Any CPU
		{15091891-910A-4B7C-92A9-89B143E1FFF5}.Debug|x86.Build.0 = Debug|Any CPU
		{15091891-910A-4B7C-92A9-89B143E1FFF5}.Release|Any CPU.ActiveCfg = Release|Any CPU
		{15091891-910A-4B7C-92A9-89B143E1FFF5}.Release|Any CPU.Build.0 = Release|Any CPU
		{15091891-910A-4B7C-92A9-89B143E1FFF5}.Release|x64.ActiveCfg = Release|Any CPU
		{15091891-910A-4B7C-92A9-89B143E1FFF5}.Release|x64.Build.0 = Release|Any CPU
		{15091891-910A-4B7C-92A9-89B143E1FFF5}.Release|x86.ActiveCfg = Release|Any CPU
		{15091891-910A-4B7C-92A9-89B143E1FFF5}.Release|x86.Build.0 = Release|Any CPU
		{F9C62DB1-8441-4F84-915D-0705CD24B0C9}.Debug|Any CPU.ActiveCfg = Debug|Any CPU
		{F9C62DB1-8441-4F84-915D-0705CD24B0C9}.Debug|Any CPU.Build.0 = Debug|Any CPU
		{F9C62DB1-8441-4F84-915D-0705CD24B0C9}.Debug|x64.ActiveCfg = Debug|Any CPU
		{F9C62DB1-8441-4F84-915D-0705CD24B0C9}.Debug|x64.Build.0 = Debug|Any CPU
		{F9C62DB1-8441-4F84-915D-0705CD24B0C9}.Debug|x86.ActiveCfg = Debug|Any CPU
		{F9C62DB1-8441-4F84-915D-0705CD24B0C9}.Debug|x86.Build.0 = Debug|Any CPU
		{F9C62DB1-8441-4F84-915D-0705CD24B0C9}.Release|Any CPU.ActiveCfg = Release|Any CPU
		{F9C62DB1-8441-4F84-915D-0705CD24B0C9}.Release|Any CPU.Build.0 = Release|Any CPU
		{F9C62DB1-8441-4F84-915D-0705CD24B0C9}.Release|x64.ActiveCfg = Release|Any CPU
		{F9C62DB1-8441-4F84-915D-0705CD24B0C9}.Release|x64.Build.0 = Release|Any CPU
		{F9C62DB1-8441-4F84-915D-0705CD24B0C9}.Release|x86.ActiveCfg = Release|Any CPU
		{F9C62DB1-8441-4F84-915D-0705CD24B0C9}.Release|x86.Build.0 = Release|Any CPU
		{1896C975-216E-4637-86BA-8B4197002CA6}.Debug|Any CPU.ActiveCfg = Debug|Any CPU
		{1896C975-216E-4637-86BA-8B4197002CA6}.Debug|Any CPU.Build.0 = Debug|Any CPU
		{1896C975-216E-4637-86BA-8B4197002CA6}.Debug|x64.ActiveCfg = Debug|Any CPU
		{1896C975-216E-4637-86BA-8B4197002CA6}.Debug|x64.Build.0 = Debug|Any CPU
		{1896C975-216E-4637-86BA-8B4197002CA6}.Debug|x86.ActiveCfg = Debug|Any CPU
		{1896C975-216E-4637-86BA-8B4197002CA6}.Debug|x86.Build.0 = Debug|Any CPU
		{1896C975-216E-4637-86BA-8B4197002CA6}.Release|Any CPU.ActiveCfg = Release|Any CPU
		{1896C975-216E-4637-86BA-8B4197002CA6}.Release|Any CPU.Build.0 = Release|Any CPU
		{1896C975-216E-4637-86BA-8B4197002CA6}.Release|x64.ActiveCfg = Release|Any CPU
		{1896C975-216E-4637-86BA-8B4197002CA6}.Release|x64.Build.0 = Release|Any CPU
		{1896C975-216E-4637-86BA-8B4197002CA6}.Release|x86.ActiveCfg = Release|Any CPU
		{1896C975-216E-4637-86BA-8B4197002CA6}.Release|x86.Build.0 = Release|Any CPU
		{733569B6-16DA-4357-9F2A-23AC160A7492}.Debug|Any CPU.ActiveCfg = Debug|Any CPU
		{733569B6-16DA-4357-9F2A-23AC160A7492}.Debug|Any CPU.Build.0 = Debug|Any CPU
		{733569B6-16DA-4357-9F2A-23AC160A7492}.Debug|x64.ActiveCfg = Debug|Any CPU
		{733569B6-16DA-4357-9F2A-23AC160A7492}.Debug|x64.Build.0 = Debug|Any CPU
		{733569B6-16DA-4357-9F2A-23AC160A7492}.Debug|x86.ActiveCfg = Debug|Any CPU
		{733569B6-16DA-4357-9F2A-23AC160A7492}.Debug|x86.Build.0 = Debug|Any CPU
		{733569B6-16DA-4357-9F2A-23AC160A7492}.Release|Any CPU.ActiveCfg = Release|Any CPU
		{733569B6-16DA-4357-9F2A-23AC160A7492}.Release|Any CPU.Build.0 = Release|Any CPU
		{733569B6-16DA-4357-9F2A-23AC160A7492}.Release|x64.ActiveCfg = Release|Any CPU
		{733569B6-16DA-4357-9F2A-23AC160A7492}.Release|x64.Build.0 = Release|Any CPU
		{733569B6-16DA-4357-9F2A-23AC160A7492}.Release|x86.ActiveCfg = Release|Any CPU
		{733569B6-16DA-4357-9F2A-23AC160A7492}.Release|x86.Build.0 = Release|Any CPU
		{CC5FB276-4773-4A67-80D8-CBFB74ABCD67}.Debug|Any CPU.ActiveCfg = Debug|Any CPU
		{CC5FB276-4773-4A67-80D8-CBFB74ABCD67}.Debug|Any CPU.Build.0 = Debug|Any CPU
		{CC5FB276-4773-4A67-80D8-CBFB74ABCD67}.Debug|x64.ActiveCfg = Debug|Any CPU
		{CC5FB276-4773-4A67-80D8-CBFB74ABCD67}.Debug|x64.Build.0 = Debug|Any CPU
		{CC5FB276-4773-4A67-80D8-CBFB74ABCD67}.Debug|x86.ActiveCfg = Debug|Any CPU
		{CC5FB276-4773-4A67-80D8-CBFB74ABCD67}.Debug|x86.Build.0 = Debug|Any CPU
		{CC5FB276-4773-4A67-80D8-CBFB74ABCD67}.Release|Any CPU.ActiveCfg = Release|Any CPU
		{CC5FB276-4773-4A67-80D8-CBFB74ABCD67}.Release|Any CPU.Build.0 = Release|Any CPU
		{CC5FB276-4773-4A67-80D8-CBFB74ABCD67}.Release|x64.ActiveCfg = Release|Any CPU
		{CC5FB276-4773-4A67-80D8-CBFB74ABCD67}.Release|x64.Build.0 = Release|Any CPU
		{CC5FB276-4773-4A67-80D8-CBFB74ABCD67}.Release|x86.ActiveCfg = Release|Any CPU
		{CC5FB276-4773-4A67-80D8-CBFB74ABCD67}.Release|x86.Build.0 = Release|Any CPU
		{5E48EAF7-EBDA-4A16-AB2F-1BEEB798CB8F}.Debug|Any CPU.ActiveCfg = Debug|Any CPU
		{5E48EAF7-EBDA-4A16-AB2F-1BEEB798CB8F}.Debug|Any CPU.Build.0 = Debug|Any CPU
		{5E48EAF7-EBDA-4A16-AB2F-1BEEB798CB8F}.Debug|x64.ActiveCfg = Debug|Any CPU
		{5E48EAF7-EBDA-4A16-AB2F-1BEEB798CB8F}.Debug|x64.Build.0 = Debug|Any CPU
		{5E48EAF7-EBDA-4A16-AB2F-1BEEB798CB8F}.Debug|x86.ActiveCfg = Debug|Any CPU
		{5E48EAF7-EBDA-4A16-AB2F-1BEEB798CB8F}.Debug|x86.Build.0 = Debug|Any CPU
		{5E48EAF7-EBDA-4A16-AB2F-1BEEB798CB8F}.Release|Any CPU.ActiveCfg = Release|Any CPU
		{5E48EAF7-EBDA-4A16-AB2F-1BEEB798CB8F}.Release|Any CPU.Build.0 = Release|Any CPU
		{5E48EAF7-EBDA-4A16-AB2F-1BEEB798CB8F}.Release|x64.ActiveCfg = Release|Any CPU
		{5E48EAF7-EBDA-4A16-AB2F-1BEEB798CB8F}.Release|x64.Build.0 = Release|Any CPU
		{5E48EAF7-EBDA-4A16-AB2F-1BEEB798CB8F}.Release|x86.ActiveCfg = Release|Any CPU
		{5E48EAF7-EBDA-4A16-AB2F-1BEEB798CB8F}.Release|x86.Build.0 = Release|Any CPU
		{FA94252A-DFF4-4C63-8B61-C18C8BCD5374}.Debug|Any CPU.ActiveCfg = Debug|Any CPU
		{FA94252A-DFF4-4C63-8B61-C18C8BCD5374}.Debug|Any CPU.Build.0 = Debug|Any CPU
		{FA94252A-DFF4-4C63-8B61-C18C8BCD5374}.Debug|x64.ActiveCfg = Debug|Any CPU
		{FA94252A-DFF4-4C63-8B61-C18C8BCD5374}.Debug|x64.Build.0 = Debug|Any CPU
		{FA94252A-DFF4-4C63-8B61-C18C8BCD5374}.Debug|x86.ActiveCfg = Debug|Any CPU
		{FA94252A-DFF4-4C63-8B61-C18C8BCD5374}.Debug|x86.Build.0 = Debug|Any CPU
		{FA94252A-DFF4-4C63-8B61-C18C8BCD5374}.Release|Any CPU.ActiveCfg = Release|Any CPU
		{FA94252A-DFF4-4C63-8B61-C18C8BCD5374}.Release|Any CPU.Build.0 = Release|Any CPU
		{FA94252A-DFF4-4C63-8B61-C18C8BCD5374}.Release|x64.ActiveCfg = Release|Any CPU
		{FA94252A-DFF4-4C63-8B61-C18C8BCD5374}.Release|x64.Build.0 = Release|Any CPU
		{FA94252A-DFF4-4C63-8B61-C18C8BCD5374}.Release|x86.ActiveCfg = Release|Any CPU
		{FA94252A-DFF4-4C63-8B61-C18C8BCD5374}.Release|x86.Build.0 = Release|Any CPU
		{B090C198-7245-4457-BF1E-C331BBD47864}.Debug|Any CPU.ActiveCfg = Debug|Any CPU
		{B090C198-7245-4457-BF1E-C331BBD47864}.Debug|Any CPU.Build.0 = Debug|Any CPU
		{B090C198-7245-4457-BF1E-C331BBD47864}.Debug|x64.ActiveCfg = Debug|Any CPU
		{B090C198-7245-4457-BF1E-C331BBD47864}.Debug|x64.Build.0 = Debug|Any CPU
		{B090C198-7245-4457-BF1E-C331BBD47864}.Debug|x86.ActiveCfg = Debug|Any CPU
		{B090C198-7245-4457-BF1E-C331BBD47864}.Debug|x86.Build.0 = Debug|Any CPU
		{B090C198-7245-4457-BF1E-C331BBD47864}.Release|Any CPU.ActiveCfg = Release|Any CPU
		{B090C198-7245-4457-BF1E-C331BBD47864}.Release|Any CPU.Build.0 = Release|Any CPU
		{B090C198-7245-4457-BF1E-C331BBD47864}.Release|x64.ActiveCfg = Release|Any CPU
		{B090C198-7245-4457-BF1E-C331BBD47864}.Release|x64.Build.0 = Release|Any CPU
		{B090C198-7245-4457-BF1E-C331BBD47864}.Release|x86.ActiveCfg = Release|Any CPU
		{B090C198-7245-4457-BF1E-C331BBD47864}.Release|x86.Build.0 = Release|Any CPU
		{19C6414A-6B92-4AAE-BA94-D626A1757B9E}.Debug|Any CPU.ActiveCfg = Debug|Any CPU
		{19C6414A-6B92-4AAE-BA94-D626A1757B9E}.Debug|Any CPU.Build.0 = Debug|Any CPU
		{19C6414A-6B92-4AAE-BA94-D626A1757B9E}.Debug|x64.ActiveCfg = Debug|Any CPU
		{19C6414A-6B92-4AAE-BA94-D626A1757B9E}.Debug|x64.Build.0 = Debug|Any CPU
		{19C6414A-6B92-4AAE-BA94-D626A1757B9E}.Debug|x86.ActiveCfg = Debug|Any CPU
		{19C6414A-6B92-4AAE-BA94-D626A1757B9E}.Debug|x86.Build.0 = Debug|Any CPU
		{19C6414A-6B92-4AAE-BA94-D626A1757B9E}.Release|Any CPU.ActiveCfg = Release|Any CPU
		{19C6414A-6B92-4AAE-BA94-D626A1757B9E}.Release|Any CPU.Build.0 = Release|Any CPU
		{19C6414A-6B92-4AAE-BA94-D626A1757B9E}.Release|x64.ActiveCfg = Release|Any CPU
		{19C6414A-6B92-4AAE-BA94-D626A1757B9E}.Release|x64.Build.0 = Release|Any CPU
		{19C6414A-6B92-4AAE-BA94-D626A1757B9E}.Release|x86.ActiveCfg = Release|Any CPU
		{19C6414A-6B92-4AAE-BA94-D626A1757B9E}.Release|x86.Build.0 = Release|Any CPU
		{F8878690-8965-442A-81B1-F510B90CCECA}.Debug|Any CPU.ActiveCfg = Debug|Any CPU
		{F8878690-8965-442A-81B1-F510B90CCECA}.Debug|Any CPU.Build.0 = Debug|Any CPU
		{F8878690-8965-442A-81B1-F510B90CCECA}.Debug|x64.ActiveCfg = Debug|Any CPU
		{F8878690-8965-442A-81B1-F510B90CCECA}.Debug|x64.Build.0 = Debug|Any CPU
		{F8878690-8965-442A-81B1-F510B90CCECA}.Debug|x86.ActiveCfg = Debug|Any CPU
		{F8878690-8965-442A-81B1-F510B90CCECA}.Debug|x86.Build.0 = Debug|Any CPU
		{F8878690-8965-442A-81B1-F510B90CCECA}.Release|Any CPU.ActiveCfg = Release|Any CPU
		{F8878690-8965-442A-81B1-F510B90CCECA}.Release|Any CPU.Build.0 = Release|Any CPU
		{F8878690-8965-442A-81B1-F510B90CCECA}.Release|x64.ActiveCfg = Release|Any CPU
		{F8878690-8965-442A-81B1-F510B90CCECA}.Release|x64.Build.0 = Release|Any CPU
		{F8878690-8965-442A-81B1-F510B90CCECA}.Release|x86.ActiveCfg = Release|Any CPU
		{F8878690-8965-442A-81B1-F510B90CCECA}.Release|x86.Build.0 = Release|Any CPU
		{4C9FC3D6-E5BD-473A-87AB-D7DE1B564F97}.Debug|Any CPU.ActiveCfg = Debug|Any CPU
		{4C9FC3D6-E5BD-473A-87AB-D7DE1B564F97}.Debug|Any CPU.Build.0 = Debug|Any CPU
		{4C9FC3D6-E5BD-473A-87AB-D7DE1B564F97}.Debug|x64.ActiveCfg = Debug|Any CPU
		{4C9FC3D6-E5BD-473A-87AB-D7DE1B564F97}.Debug|x64.Build.0 = Debug|Any CPU
		{4C9FC3D6-E5BD-473A-87AB-D7DE1B564F97}.Debug|x86.ActiveCfg = Debug|Any CPU
		{4C9FC3D6-E5BD-473A-87AB-D7DE1B564F97}.Debug|x86.Build.0 = Debug|Any CPU
		{4C9FC3D6-E5BD-473A-87AB-D7DE1B564F97}.Release|Any CPU.ActiveCfg = Release|Any CPU
		{4C9FC3D6-E5BD-473A-87AB-D7DE1B564F97}.Release|Any CPU.Build.0 = Release|Any CPU
		{4C9FC3D6-E5BD-473A-87AB-D7DE1B564F97}.Release|x64.ActiveCfg = Release|Any CPU
		{4C9FC3D6-E5BD-473A-87AB-D7DE1B564F97}.Release|x64.Build.0 = Release|Any CPU
		{4C9FC3D6-E5BD-473A-87AB-D7DE1B564F97}.Release|x86.ActiveCfg = Release|Any CPU
		{4C9FC3D6-E5BD-473A-87AB-D7DE1B564F97}.Release|x86.Build.0 = Release|Any CPU
		{A4064728-FDD7-4C3B-A211-91CE576165A5}.Debug|Any CPU.ActiveCfg = Debug|Any CPU
		{A4064728-FDD7-4C3B-A211-91CE576165A5}.Debug|Any CPU.Build.0 = Debug|Any CPU
		{A4064728-FDD7-4C3B-A211-91CE576165A5}.Debug|x64.ActiveCfg = Debug|Any CPU
		{A4064728-FDD7-4C3B-A211-91CE576165A5}.Debug|x64.Build.0 = Debug|Any CPU
		{A4064728-FDD7-4C3B-A211-91CE576165A5}.Debug|x86.ActiveCfg = Debug|Any CPU
		{A4064728-FDD7-4C3B-A211-91CE576165A5}.Debug|x86.Build.0 = Debug|Any CPU
		{A4064728-FDD7-4C3B-A211-91CE576165A5}.Release|Any CPU.ActiveCfg = Release|Any CPU
		{A4064728-FDD7-4C3B-A211-91CE576165A5}.Release|Any CPU.Build.0 = Release|Any CPU
		{A4064728-FDD7-4C3B-A211-91CE576165A5}.Release|x64.ActiveCfg = Release|Any CPU
		{A4064728-FDD7-4C3B-A211-91CE576165A5}.Release|x64.Build.0 = Release|Any CPU
		{A4064728-FDD7-4C3B-A211-91CE576165A5}.Release|x86.ActiveCfg = Release|Any CPU
		{A4064728-FDD7-4C3B-A211-91CE576165A5}.Release|x86.Build.0 = Release|Any CPU
		{609CA928-877B-47E8-89CD-AE8EF4720565}.Debug|Any CPU.ActiveCfg = Debug|Any CPU
		{609CA928-877B-47E8-89CD-AE8EF4720565}.Debug|Any CPU.Build.0 = Debug|Any CPU
		{609CA928-877B-47E8-89CD-AE8EF4720565}.Debug|x64.ActiveCfg = Debug|Any CPU
		{609CA928-877B-47E8-89CD-AE8EF4720565}.Debug|x64.Build.0 = Debug|Any CPU
		{609CA928-877B-47E8-89CD-AE8EF4720565}.Debug|x86.ActiveCfg = Debug|Any CPU
		{609CA928-877B-47E8-89CD-AE8EF4720565}.Debug|x86.Build.0 = Debug|Any CPU
		{609CA928-877B-47E8-89CD-AE8EF4720565}.Release|Any CPU.ActiveCfg = Release|Any CPU
		{609CA928-877B-47E8-89CD-AE8EF4720565}.Release|Any CPU.Build.0 = Release|Any CPU
		{609CA928-877B-47E8-89CD-AE8EF4720565}.Release|x64.ActiveCfg = Release|Any CPU
		{609CA928-877B-47E8-89CD-AE8EF4720565}.Release|x64.Build.0 = Release|Any CPU
		{609CA928-877B-47E8-89CD-AE8EF4720565}.Release|x86.ActiveCfg = Release|Any CPU
		{609CA928-877B-47E8-89CD-AE8EF4720565}.Release|x86.Build.0 = Release|Any CPU
		{7641A11D-254C-44C5-8A41-96399EAFF661}.Debug|Any CPU.ActiveCfg = Debug|Any CPU
		{7641A11D-254C-44C5-8A41-96399EAFF661}.Debug|Any CPU.Build.0 = Debug|Any CPU
		{7641A11D-254C-44C5-8A41-96399EAFF661}.Debug|x64.ActiveCfg = Debug|Any CPU
		{7641A11D-254C-44C5-8A41-96399EAFF661}.Debug|x64.Build.0 = Debug|Any CPU
		{7641A11D-254C-44C5-8A41-96399EAFF661}.Debug|x86.ActiveCfg = Debug|Any CPU
		{7641A11D-254C-44C5-8A41-96399EAFF661}.Debug|x86.Build.0 = Debug|Any CPU
		{7641A11D-254C-44C5-8A41-96399EAFF661}.Release|Any CPU.ActiveCfg = Release|Any CPU
		{7641A11D-254C-44C5-8A41-96399EAFF661}.Release|Any CPU.Build.0 = Release|Any CPU
		{7641A11D-254C-44C5-8A41-96399EAFF661}.Release|x64.ActiveCfg = Release|Any CPU
		{7641A11D-254C-44C5-8A41-96399EAFF661}.Release|x64.Build.0 = Release|Any CPU
		{7641A11D-254C-44C5-8A41-96399EAFF661}.Release|x86.ActiveCfg = Release|Any CPU
		{7641A11D-254C-44C5-8A41-96399EAFF661}.Release|x86.Build.0 = Release|Any CPU
		{AA49201A-021B-4CAE-8558-9E61C87376F0}.Debug|Any CPU.ActiveCfg = Debug|Any CPU
		{AA49201A-021B-4CAE-8558-9E61C87376F0}.Debug|Any CPU.Build.0 = Debug|Any CPU
		{AA49201A-021B-4CAE-8558-9E61C87376F0}.Debug|x64.ActiveCfg = Debug|x64
		{AA49201A-021B-4CAE-8558-9E61C87376F0}.Debug|x64.Build.0 = Debug|x64
		{AA49201A-021B-4CAE-8558-9E61C87376F0}.Debug|x86.ActiveCfg = Debug|x86
		{AA49201A-021B-4CAE-8558-9E61C87376F0}.Debug|x86.Build.0 = Debug|x86
		{AA49201A-021B-4CAE-8558-9E61C87376F0}.Release|Any CPU.ActiveCfg = Release|Any CPU
		{AA49201A-021B-4CAE-8558-9E61C87376F0}.Release|Any CPU.Build.0 = Release|Any CPU
		{AA49201A-021B-4CAE-8558-9E61C87376F0}.Release|x64.ActiveCfg = Release|x64
		{AA49201A-021B-4CAE-8558-9E61C87376F0}.Release|x64.Build.0 = Release|x64
		{AA49201A-021B-4CAE-8558-9E61C87376F0}.Release|x86.ActiveCfg = Release|x86
		{AA49201A-021B-4CAE-8558-9E61C87376F0}.Release|x86.Build.0 = Release|x86
	EndGlobalSection
	GlobalSection(SolutionProperties) = preSolution
		HideSolutionNode = FALSE
	EndGlobalSection
	GlobalSection(NestedProjects) = preSolution
		{56004CDB-B4C8-4BA2-8943-0B2EE228DF74} = {4402BC33-79AF-4AC3-8A46-70CE96159C25}
		{10F00ED6-A82C-4A7A-85F1-88A01A1661B1} = {4402BC33-79AF-4AC3-8A46-70CE96159C25}
		{B8793979-7C16-41FF-A466-4C37FEC70AE0} = {4402BC33-79AF-4AC3-8A46-70CE96159C25}
		{7DEF7C27-BFED-4FB5-805A-BEFC569C667F} = {EEB71AA4-1FC9-4F03-B5F7-B4B6ADD42181}
		{6848C0F5-8DC1-4DB8-BA62-B6972B95B068} = {EEB71AA4-1FC9-4F03-B5F7-B4B6ADD42181}
		{39DBB1AA-CEDA-471D-BB0F-DBBAC1FEAEB2} = {497E2081-4B63-480B-9595-0BA843131D83}
		{A4269724-2982-4994-AABC-C22FF320D24F} = {4402BC33-79AF-4AC3-8A46-70CE96159C25}
		{EA67B451-E93D-4967-8797-FEAA0DB58A04} = {A876955C-B338-4FFB-948F-20A661DB1765}
		{59BE1A10-4B46-4092-9F9F-CA97CC1BE8B6} = {A876955C-B338-4FFB-948F-20A661DB1765}
		{C131EB60-D73F-4633-8EE5-58A742F36B45} = {F74151B0-BF64-4B52-99C5-B338B74EA011}
		{15091891-910A-4B7C-92A9-89B143E1FFF5} = {F74151B0-BF64-4B52-99C5-B338B74EA011}
		{F9C62DB1-8441-4F84-915D-0705CD24B0C9} = {D633DA04-2E97-40D2-8ECF-E2E7E53D4B3C}
		{1896C975-216E-4637-86BA-8B4197002CA6} = {D633DA04-2E97-40D2-8ECF-E2E7E53D4B3C}
		{733569B6-16DA-4357-9F2A-23AC160A7492} = {1692EBA5-F707-4829-9490-53CB3C0B060F}
		{CC5FB276-4773-4A67-80D8-CBFB74ABCD67} = {1692EBA5-F707-4829-9490-53CB3C0B060F}
		{5E48EAF7-EBDA-4A16-AB2F-1BEEB798CB8F} = {D633DA04-2E97-40D2-8ECF-E2E7E53D4B3C}
		{FA94252A-DFF4-4C63-8B61-C18C8BCD5374} = {7DF94225-6875-4662-AACD-69383245C0C1}
		{B090C198-7245-4457-BF1E-C331BBD47864} = {7DF94225-6875-4662-AACD-69383245C0C1}
		{19C6414A-6B92-4AAE-BA94-D626A1757B9E} = {7DF94225-6875-4662-AACD-69383245C0C1}
		{F8878690-8965-442A-81B1-F510B90CCECA} = {7DF94225-6875-4662-AACD-69383245C0C1}
		{4C9FC3D6-E5BD-473A-87AB-D7DE1B564F97} = {4402BC33-79AF-4AC3-8A46-70CE96159C25}
		{A4064728-FDD7-4C3B-A211-91CE576165A5} = {FD6E500C-BE75-4FCA-968E-F22E2C7131FA}
		{497E2081-4B63-480B-9595-0BA843131D83} = {EEB71AA4-1FC9-4F03-B5F7-B4B6ADD42181}
		{609CA928-877B-47E8-89CD-AE8EF4720565} = {7DF94225-6875-4662-AACD-69383245C0C1}
		{7641A11D-254C-44C5-8A41-96399EAFF661} = {7DF94225-6875-4662-AACD-69383245C0C1}
		{AA49201A-021B-4CAE-8558-9E61C87376F0} = {7DF94225-6875-4662-AACD-69383245C0C1}
	EndGlobalSection
	GlobalSection(ExtensibilityGlobals) = postSolution
		SolutionGuid = {4A34E291-846A-445A-973B-D19A127B6CE1}
	EndGlobalSection
EndGlobal
