
Microsoft Visual Studio Solution File, Format Version 12.00
# Visual Studio Version 17
VisualStudioVersion = 17.9.34714.143
MinimumVisualStudioVersion = 10.0.40219.1
Project("{2150E333-8FDC-42A3-9474-1A3956D46DE8}") = "1.Start", "1.Start", "{F74151B0-BF64-4B52-99C5-B338B74EA011}"
EndProject
Project("{2150E333-8FDC-42A3-9474-1A3956D46DE8}") = "2.Modules", "2.Modules", "{D633DA04-2E97-40D2-8ECF-E2E7E53D4B3C}"
EndProject
Project("{2150E333-8FDC-42A3-9474-1A3956D46DE8}") = "3.BLL", "3.BLL", "{A876955C-B338-4FFB-948F-20A661DB1765}"
EndProject
Project("{2150E333-8FDC-42A3-9474-1A3956D46DE8}") = "4.DAL", "4.DAL", "{EEB71AA4-1FC9-4F03-B5F7-B4B6ADD42181}"
EndProject
Project("{2150E333-8FDC-42A3-9474-1A3956D46DE8}") = "5.Common", "5.Common", "{4402BC33-79AF-4AC3-8A46-70CE96159C25}"
EndProject
Project("{2150E333-8FDC-42A3-9474-1A3956D46DE8}") = "6.Simulation", "6.Simulation", "{1E6BEB68-3FF1-4318-8AE4-E3FB08E4E1E0}"
EndProject
Project("{9A19103F-16F7-4668-BE54-9A1E7A4F7556}") = "Base.Client.Entity", "Base.Client.Entity\Base.Client.Entity.csproj", "{56004CDB-B4C8-4BA2-8943-0B2EE228DF74}"
EndProject
Project("{9A19103F-16F7-4668-BE54-9A1E7A4F7556}") = "Base.Client.Controls", "Base.Client.Controls\Base.Client.Controls.csproj", "{10F00ED6-A82C-4A7A-85F1-88A01A1661B1}"
EndProject
Project("{9A19103F-16F7-4668-BE54-9A1E7A4F7556}") = "Base.Client.Assets", "Base.Client.Assets\Base.Client.Assets.csproj", "{B8793979-7C16-41FF-A466-4C37FEC70AE0}"
EndProject
Project("{9A19103F-16F7-4668-BE54-9A1E7A4F7556}") = "Base.Client.IDAL", "Base.Client.IDAL\Base.Client.IDAL.csproj", "{7DEF7C27-BFED-4FB5-805A-BEFC569C667F}"
EndProject
Project("{9A19103F-16F7-4668-BE54-9A1E7A4F7556}") = "Base.Client.DAL", "Base.Client.DAL\Base.Client.DAL.csproj", "{6848C0F5-8DC1-4DB8-BA62-B6972B95B068}"
EndProject
Project("{9A19103F-16F7-4668-BE54-9A1E7A4F7556}") = "Base.Client.DAL.EFCore", "Base.Client.DAL.EFCore\Base.Client.DAL.EFCore.csproj", "{39DBB1AA-CEDA-471D-BB0F-DBBAC1FEAEB2}"
EndProject
Project("{9A19103F-16F7-4668-BE54-9A1E7A4F7556}") = "Base.Client.Common", "Base.Client.Common\Base.Client.Common.csproj", "{A4269724-2982-4994-AABC-C22FF320D24F}"
EndProject
Project("{9A19103F-16F7-4668-BE54-9A1E7A4F7556}") = "Base.Client.IBLL", "Base.Client.IBLL\Base.Client.IBLL.csproj", "{EA67B451-E93D-4967-8797-FEAA0DB58A04}"
EndProject
Project("{9A19103F-16F7-4668-BE54-9A1E7A4F7556}") = "Base.Client.BLL", "Base.Client.BLL\Base.Client.BLL.csproj", "{59BE1A10-4B46-4092-9F9F-CA97CC1BE8B6}"
EndProject
Project("{9A19103F-16F7-4668-BE54-9A1E7A4F7556}") = "Base.Client.Upgrade", "Base.Client.Upgrade\Base.Client.Upgrade.csproj", "{C131EB60-D73F-4633-8EE5-58A742F36B45}"
EndProject
Project("{9A19103F-16F7-4668-BE54-9A1E7A4F7556}") = "Base.Client.Start", "Base.Client.Start\Base.Client.Start.csproj", "{15091891-910A-4B7C-92A9-89B143E1FFF5}"
EndProject
Project("{FAE04EC0-301F-11D3-BF4B-00C04F79EFBC}") = "Base.Client.SystemModule", "Base.Client.SystemModule\Base.Client.SystemModule.csproj", "{F9C62DB1-8441-4F84-915D-0705CD24B0C9}"
EndProject
Project("{FAE04EC0-301F-11D3-BF4B-00C04F79EFBC}") = "Base.Client.BaseModule", "Base.Client.BaseModule\Base.Client.BaseModule.csproj", "{1896C975-216E-4637-86BA-8B4197002CA6}"
EndProject
Global
	GlobalSection(SolutionConfigurationPlatforms) = preSolution
		Debug|Any CPU = Debug|Any CPU
		Release|Any CPU = Release|Any CPU
	EndGlobalSection
	GlobalSection(ProjectConfigurationPlatforms) = postSolution
		{56004CDB-B4C8-4BA2-8943-0B2EE228DF74}.Debug|Any CPU.ActiveCfg = Debug|Any CPU
		{56004CDB-B4C8-4BA2-8943-0B2EE228DF74}.Debug|Any CPU.Build.0 = Debug|Any CPU
		{56004CDB-B4C8-4BA2-8943-0B2EE228DF74}.Release|Any CPU.ActiveCfg = Release|Any CPU
		{56004CDB-B4C8-4BA2-8943-0B2EE228DF74}.Release|Any CPU.Build.0 = Release|Any CPU
		{10F00ED6-A82C-4A7A-85F1-88A01A1661B1}.Debug|Any CPU.ActiveCfg = Debug|Any CPU
		{10F00ED6-A82C-4A7A-85F1-88A01A1661B1}.Debug|Any CPU.Build.0 = Debug|Any CPU
		{10F00ED6-A82C-4A7A-85F1-88A01A1661B1}.Release|Any CPU.ActiveCfg = Release|Any CPU
		{10F00ED6-A82C-4A7A-85F1-88A01A1661B1}.Release|Any CPU.Build.0 = Release|Any CPU
		{B8793979-7C16-41FF-A466-4C37FEC70AE0}.Debug|Any CPU.ActiveCfg = Debug|Any CPU
		{B8793979-7C16-41FF-A466-4C37FEC70AE0}.Debug|Any CPU.Build.0 = Debug|Any CPU
		{B8793979-7C16-41FF-A466-4C37FEC70AE0}.Release|Any CPU.ActiveCfg = Release|Any CPU
		{B8793979-7C16-41FF-A466-4C37FEC70AE0}.Release|Any CPU.Build.0 = Release|Any CPU
		{7DEF7C27-BFED-4FB5-805A-BEFC569C667F}.Debug|Any CPU.ActiveCfg = Debug|Any CPU
		{7DEF7C27-BFED-4FB5-805A-BEFC569C667F}.Debug|Any CPU.Build.0 = Debug|Any CPU
		{7DEF7C27-BFED-4FB5-805A-BEFC569C667F}.Release|Any CPU.ActiveCfg = Release|Any CPU
		{7DEF7C27-BFED-4FB5-805A-BEFC569C667F}.Release|Any CPU.Build.0 = Release|Any CPU
		{6848C0F5-8DC1-4DB8-BA62-B6972B95B068}.Debug|Any CPU.ActiveCfg = Debug|Any CPU
		{6848C0F5-8DC1-4DB8-BA62-B6972B95B068}.Debug|Any CPU.Build.0 = Debug|Any CPU
		{6848C0F5-8DC1-4DB8-BA62-B6972B95B068}.Release|Any CPU.ActiveCfg = Release|Any CPU
		{6848C0F5-8DC1-4DB8-BA62-B6972B95B068}.Release|Any CPU.Build.0 = Release|Any CPU
		{39DBB1AA-CEDA-471D-BB0F-DBBAC1FEAEB2}.Debug|Any CPU.ActiveCfg = Debug|Any CPU
		{39DBB1AA-CEDA-471D-BB0F-DBBAC1FEAEB2}.Debug|Any CPU.Build.0 = Debug|Any CPU
		{39DBB1AA-CEDA-471D-BB0F-DBBAC1FEAEB2}.Release|Any CPU.ActiveCfg = Release|Any CPU
		{39DBB1AA-CEDA-471D-BB0F-DBBAC1FEAEB2}.Release|Any CPU.Build.0 = Release|Any CPU
		{A4269724-2982-4994-AABC-C22FF320D24F}.Debug|Any CPU.ActiveCfg = Debug|Any CPU
		{A4269724-2982-4994-AABC-C22FF320D24F}.Debug|Any CPU.Build.0 = Debug|Any CPU
		{A4269724-2982-4994-AABC-C22FF320D24F}.Release|Any CPU.ActiveCfg = Release|Any CPU
		{A4269724-2982-4994-AABC-C22FF320D24F}.Release|Any CPU.Build.0 = Release|Any CPU
		{EA67B451-E93D-4967-8797-FEAA0DB58A04}.Debug|Any CPU.ActiveCfg = Debug|Any CPU
		{EA67B451-E93D-4967-8797-FEAA0DB58A04}.Debug|Any CPU.Build.0 = Debug|Any CPU
		{EA67B451-E93D-4967-8797-FEAA0DB58A04}.Release|Any CPU.ActiveCfg = Release|Any CPU
		{EA67B451-E93D-4967-8797-FEAA0DB58A04}.Release|Any CPU.Build.0 = Release|Any CPU
		{59BE1A10-4B46-4092-9F9F-CA97CC1BE8B6}.Debug|Any CPU.ActiveCfg = Debug|Any CPU
		{59BE1A10-4B46-4092-9F9F-CA97CC1BE8B6}.Debug|Any CPU.Build.0 = Debug|Any CPU
		{59BE1A10-4B46-4092-9F9F-CA97CC1BE8B6}.Release|Any CPU.ActiveCfg = Release|Any CPU
		{59BE1A10-4B46-4092-9F9F-CA97CC1BE8B6}.Release|Any CPU.Build.0 = Release|Any CPU
		{C131EB60-D73F-4633-8EE5-58A742F36B45}.Debug|Any CPU.ActiveCfg = Debug|Any CPU
		{C131EB60-D73F-4633-8EE5-58A742F36B45}.Debug|Any CPU.Build.0 = Debug|Any CPU
		{C131EB60-D73F-4633-8EE5-58A742F36B45}.Release|Any CPU.ActiveCfg = Release|Any CPU
		{C131EB60-D73F-4633-8EE5-58A742F36B45}.Release|Any CPU.Build.0 = Release|Any CPU
		{15091891-910A-4B7C-92A9-89B143E1FFF5}.Debug|Any CPU.ActiveCfg = Debug|Any CPU
		{15091891-910A-4B7C-92A9-89B143E1FFF5}.Debug|Any CPU.Build.0 = Debug|Any CPU
		{15091891-910A-4B7C-92A9-89B143E1FFF5}.Release|Any CPU.ActiveCfg = Release|Any CPU
		{15091891-910A-4B7C-92A9-89B143E1FFF5}.Release|Any CPU.Build.0 = Release|Any CPU
		{F9C62DB1-8441-4F84-915D-0705CD24B0C9}.Debug|Any CPU.ActiveCfg = Debug|Any CPU
		{F9C62DB1-8441-4F84-915D-0705CD24B0C9}.Debug|Any CPU.Build.0 = Debug|Any CPU
		{F9C62DB1-8441-4F84-915D-0705CD24B0C9}.Release|Any CPU.ActiveCfg = Release|Any CPU
		{F9C62DB1-8441-4F84-915D-0705CD24B0C9}.Release|Any CPU.Build.0 = Release|Any CPU
		{1896C975-216E-4637-86BA-8B4197002CA6}.Debug|Any CPU.ActiveCfg = Debug|Any CPU
		{1896C975-216E-4637-86BA-8B4197002CA6}.Debug|Any CPU.Build.0 = Debug|Any CPU
		{1896C975-216E-4637-86BA-8B4197002CA6}.Release|Any CPU.ActiveCfg = Release|Any CPU
		{1896C975-216E-4637-86BA-8B4197002CA6}.Release|Any CPU.Build.0 = Release|Any CPU
	EndGlobalSection
	GlobalSection(SolutionProperties) = preSolution
		HideSolutionNode = FALSE
	EndGlobalSection
	GlobalSection(NestedProjects) = preSolution
		{56004CDB-B4C8-4BA2-8943-0B2EE228DF74} = {4402BC33-79AF-4AC3-8A46-70CE96159C25}
		{10F00ED6-A82C-4A7A-85F1-88A01A1661B1} = {4402BC33-79AF-4AC3-8A46-70CE96159C25}
		{B8793979-7C16-41FF-A466-4C37FEC70AE0} = {4402BC33-79AF-4AC3-8A46-70CE96159C25}
		{7DEF7C27-BFED-4FB5-805A-BEFC569C667F} = {EEB71AA4-1FC9-4F03-B5F7-B4B6ADD42181}
		{6848C0F5-8DC1-4DB8-BA62-B6972B95B068} = {EEB71AA4-1FC9-4F03-B5F7-B4B6ADD42181}
		{39DBB1AA-CEDA-471D-BB0F-DBBAC1FEAEB2} = {EEB71AA4-1FC9-4F03-B5F7-B4B6ADD42181}
		{A4269724-2982-4994-AABC-C22FF320D24F} = {4402BC33-79AF-4AC3-8A46-70CE96159C25}
		{EA67B451-E93D-4967-8797-FEAA0DB58A04} = {A876955C-B338-4FFB-948F-20A661DB1765}
		{59BE1A10-4B46-4092-9F9F-CA97CC1BE8B6} = {A876955C-B338-4FFB-948F-20A661DB1765}
		{C131EB60-D73F-4633-8EE5-58A742F36B45} = {F74151B0-BF64-4B52-99C5-B338B74EA011}
		{15091891-910A-4B7C-92A9-89B143E1FFF5} = {F74151B0-BF64-4B52-99C5-B338B74EA011}
		{F9C62DB1-8441-4F84-915D-0705CD24B0C9} = {D633DA04-2E97-40D2-8ECF-E2E7E53D4B3C}
		{1896C975-216E-4637-86BA-8B4197002CA6} = {D633DA04-2E97-40D2-8ECF-E2E7E53D4B3C}
	EndGlobalSection
	GlobalSection(ExtensibilityGlobals) = postSolution
		SolutionGuid = {4A34E291-846A-445A-973B-D19A127B6CE1}
	EndGlobalSection
EndGlobal
